{
  "nodes": {
    "nixos": {
      "locked": {
        "lastModified": 1705765517,
        "narHash": "sha256-vGGZdPnWeHj0lI1DD3g5YAGebHcTW9dCNqdtx15L7jE=",
        "owner": "nixos",
        "repo": "nixpkgs",
        "rev": "4986b653380bbe6cdb9c94095c1291c7e49e3951",
        "type": "github"
      },
      "original": {
        "owner": "nixos",
        "ref": "nixos-23.11-small",
        "repo": "nixpkgs",
        "type": "github"
      }
    },
    "root": {
      "inputs": {
        "nixos": "nixos"
      }
    }
  },
  "root": "root",
  "version": 7
}
